
Microsoft Visual Studio Solution File, Format Version 11.00
# Visual Studio 2010
Project("{FAE04EC0-301F-11D3-BF4B-00C04F79EFBC}") = "Assembly-CSharp", "Assembly-CSharp.csproj", "{489A0E5E-E8A5-D7FE-F1F0-5DFA122F087B}"
EndProject
Project("{FAE04EC0-301F-11D3-BF4B-00C04F79EFBC}") = "Assembly-CSharp-Editor", "Assembly-CSharp-Editor.csproj", "{EB18D894-5994-03BE-F6CB-D20395F32A61}"
EndProject
Global
	GlobalSection(SolutionConfigurationPlatforms) = preSolution
		Debug|Any CPU = Debug|Any CPU
		Release|Any CPU = Release|Any CPU
	EndGlobalSection
	GlobalSection(ProjectConfigurationPlatforms) = postSolution
		{489A0E5E-E8A5-D7FE-F1F0-5DFA122F087B}.Debug|Any CPU.ActiveCfg = Debug|Any CPU
		{489A0E5E-E8A5-D7FE-F1F0-5DFA122F087B}.Debug|Any CPU.Build.0 = Debug|Any CPU
		{489A0E5E-E8A5-D7FE-F1F0-5DFA122F087B}.Release|Any CPU.ActiveCfg = Release|Any CPU
		{489A0E5E-E8A5-D7FE-F1F0-5DFA122F087B}.Release|Any CPU.Build.0 = Release|Any CPU
		{EB18D894-5994-03BE-F6CB-D20395F32A61}.Debug|Any CPU.ActiveCfg = Debug|Any CPU
		{EB18D894-5994-03BE-F6CB-D20395F32A61}.Debug|Any CPU.Build.0 = Debug|Any CPU
		{EB18D894-5994-03BE-F6CB-D20395F32A61}.Release|Any CPU.ActiveCfg = Release|Any CPU
		{EB18D894-5994-03BE-F6CB-D20395F32A61}.Release|Any CPU.Build.0 = Release|Any CPU
	EndGlobalSection
	GlobalSection(SolutionProperties) = preSolution
		HideSolutionNode = FALSE
	EndGlobalSection
	GlobalSection(MonoDevelopProperties) = preSolution
		StartupItem = Assembly-CSharp.csproj
	EndGlobalSection
EndGlobal
